
Microsoft Visual Studio Solution File, Format Version 12.00
# Visual Studio Version 16
VisualStudioVersion = 25.0.1706.6
MinimumVisualStudioVersion = 10.0.40219.1
Project("{FAE04EC0-301F-11D3-BF4B-00C04F79EFBC}") = "ShowcaseFullApp.iOS", "ShowcaseFullApp.iOS.csproj", "{A426F0F2-A9DE-4961-B3C8-80220832CCFA}"
EndProject
Global
	GlobalSection(SolutionConfigurationPlatforms) = preSolution
		Debug|Any CPU = Debug|Any CPU
		Release|Any CPU = Release|Any CPU
	EndGlobalSection
	GlobalSection(ProjectConfigurationPlatforms) = postSolution
		{A426F0F2-A9DE-4961-B3C8-80220832CCFA}.Debug|Any CPU.ActiveCfg = Debug|Any CPU
		{A426F0F2-A9DE-4961-B3C8-80220832CCFA}.Debug|Any CPU.Build.0 = Debug|Any CPU
		{A426F0F2-A9DE-4961-B3C8-80220832CCFA}.Release|Any CPU.ActiveCfg = Release|Any CPU
		{A426F0F2-A9DE-4961-B3C8-80220832CCFA}.Release|Any CPU.Build.0 = Release|Any CPU
	EndGlobalSection
	GlobalSection(SolutionProperties) = preSolution
		HideSolutionNode = FALSE
	EndGlobalSection
	GlobalSection(ExtensibilityGlobals) = postSolution
		SolutionGuid = {522C98B4-8F1B-46D9-9EEA-D1D54F02B6CC}
	EndGlobalSection
EndGlobal
